
Microsoft Visual Studio Solution File, Format Version 12.00
# Visual Studio Version 16
VisualStudioVersion = 16.0.31729.503
MinimumVisualStudioVersion = 10.0.40219.1
Project("{2150E333-8FDC-42A3-9474-1A3956D46DE8}") = "Services", "Services", "{E4C2CCC2-C337-475D-BBB0-E4FEA3AC3F96}"
EndProject
Project("{2150E333-8FDC-42A3-9474-1A3956D46DE8}") = "Catalog", "Catalog", "{FB7FF127-EEEA-4108-97DC-EDB2595AC33B}"
EndProject
Project("{9A19103F-16F7-4668-BE54-9A1E7A4F7556}") = "Catalog.API", "Services\Catalog\Catalog.API\Catalog.API.csproj", "{CC030CE6-1298-49DC-A3ED-A1E06F4517F1}"
EndProject
Project("{E53339B2-1760-4266-BCC7-CA923CBCF16C}") = "docker-compose", "docker-compose.dcproj", "{E01721B9-B914-407A-B191-154A23C74EFB}"
EndProject
Project("{2150E333-8FDC-42A3-9474-1A3956D46DE8}") = "Basket", "Basket", "{9DE58BE8-AD0E-4A9C-94F4-B287E4BC22E2}"
EndProject
Project("{9A19103F-16F7-4668-BE54-9A1E7A4F7556}") = "Basket.API", "Services\Basket\Basket.API\Basket.API.csproj", "{09156C9A-5828-4223-959E-EC84CCA4D5A8}"
EndProject
Project("{2150E333-8FDC-42A3-9474-1A3956D46DE8}") = "Discount", "Discount", "{C83AA739-F6D5-4971-B53C-132614F6A6B9}"
EndProject
Project("{9A19103F-16F7-4668-BE54-9A1E7A4F7556}") = "Discount.API", "Services\Discount\Discount.API\Discount.API.csproj", "{3BAFDBBC-0F03-4A35-BBEC-4772C1F158A6}"
EndProject
Project("{9A19103F-16F7-4668-BE54-9A1E7A4F7556}") = "Discount.Grpc", "Services\Discount\Discount.Grpc\Discount.Grpc.csproj", "{CCB9B199-1312-43D9-8759-D1AD3FA5F5DA}"
EndProject
Project("{2150E333-8FDC-42A3-9474-1A3956D46DE8}") = "Ordering", "Ordering", "{9E7F07C9-73EC-40FB-81AF-8D0AC58E156A}"
EndProject
Project("{9A19103F-16F7-4668-BE54-9A1E7A4F7556}") = "Ordering.API", "Services\Ordering\Ordering.API\Ordering.API.csproj", "{5B4054A6-C7F5-455A-95CC-40FEA898DAFE}"
EndProject
Project("{9A19103F-16F7-4668-BE54-9A1E7A4F7556}") = "Ordering.Domain", "Services\Ordering\Ordering.Domain\Ordering.Domain.csproj", "{F8B32A84-3BD2-41D2-9A35-DD998836A307}"
EndProject
Project("{9A19103F-16F7-4668-BE54-9A1E7A4F7556}") = "Ordering.Application", "Services\Ordering\Ordering.Application\Ordering.Application.csproj", "{291337AD-14B4-49B9-A8C2-7A8CD5611C52}"
EndProject
Project("{9A19103F-16F7-4668-BE54-9A1E7A4F7556}") = "Ordering.Infrastructure", "Services\Ordering\Ordering.Infrastructure\Ordering.Infrastructure.csproj", "{F65FCEA4-5262-4416-88FC-8035A3D9AEF4}"
EndProject
Project("{2150E333-8FDC-42A3-9474-1A3956D46DE8}") = "BuildingBlocks", "BuildingBlocks", "{50F25D47-89C6-4CEC-A832-B342E6AA6438}"
EndProject
Project("{FAE04EC0-301F-11D3-BF4B-00C04F79EFBC}") = "EventBus.Messages", "BuildingBlocks\EventBus.Messages\EventBus.Messages.csproj", "{900D3D4E-9102-4959-89CF-653AC4AF1AEE}"
EndProject
Global
	GlobalSection(SolutionConfigurationPlatforms) = preSolution
		Debug|Any CPU = Debug|Any CPU
		Release|Any CPU = Release|Any CPU
	EndGlobalSection
	GlobalSection(ProjectConfigurationPlatforms) = postSolution
		{CC030CE6-1298-49DC-A3ED-A1E06F4517F1}.Debug|Any CPU.ActiveCfg = Debug|Any CPU
		{CC030CE6-1298-49DC-A3ED-A1E06F4517F1}.Debug|Any CPU.Build.0 = Debug|Any CPU
		{CC030CE6-1298-49DC-A3ED-A1E06F4517F1}.Release|Any CPU.ActiveCfg = Release|Any CPU
		{CC030CE6-1298-49DC-A3ED-A1E06F4517F1}.Release|Any CPU.Build.0 = Release|Any CPU
		{E01721B9-B914-407A-B191-154A23C74EFB}.Debug|Any CPU.ActiveCfg = Debug|Any CPU
		{E01721B9-B914-407A-B191-154A23C74EFB}.Debug|Any CPU.Build.0 = Debug|Any CPU
		{E01721B9-B914-407A-B191-154A23C74EFB}.Release|Any CPU.ActiveCfg = Release|Any CPU
		{E01721B9-B914-407A-B191-154A23C74EFB}.Release|Any CPU.Build.0 = Release|Any CPU
		{09156C9A-5828-4223-959E-EC84CCA4D5A8}.Debug|Any CPU.ActiveCfg = Debug|Any CPU
		{09156C9A-5828-4223-959E-EC84CCA4D5A8}.Debug|Any CPU.Build.0 = Debug|Any CPU
		{09156C9A-5828-4223-959E-EC84CCA4D5A8}.Release|Any CPU.ActiveCfg = Release|Any CPU
		{09156C9A-5828-4223-959E-EC84CCA4D5A8}.Release|Any CPU.Build.0 = Release|Any CPU
		{3BAFDBBC-0F03-4A35-BBEC-4772C1F158A6}.Debug|Any CPU.ActiveCfg = Debug|Any CPU
		{3BAFDBBC-0F03-4A35-BBEC-4772C1F158A6}.Debug|Any CPU.Build.0 = Debug|Any CPU
		{3BAFDBBC-0F03-4A35-BBEC-4772C1F158A6}.Release|Any CPU.ActiveCfg = Release|Any CPU
		{3BAFDBBC-0F03-4A35-BBEC-4772C1F158A6}.Release|Any CPU.Build.0 = Release|Any CPU
		{CCB9B199-1312-43D9-8759-D1AD3FA5F5DA}.Debug|Any CPU.ActiveCfg = Debug|Any CPU
		{CCB9B199-1312-43D9-8759-D1AD3FA5F5DA}.Debug|Any CPU.Build.0 = Debug|Any CPU
		{CCB9B199-1312-43D9-8759-D1AD3FA5F5DA}.Release|Any CPU.ActiveCfg = Release|Any CPU
		{CCB9B199-1312-43D9-8759-D1AD3FA5F5DA}.Release|Any CPU.Build.0 = Release|Any CPU
		{5B4054A6-C7F5-455A-95CC-40FEA898DAFE}.Debug|Any CPU.ActiveCfg = Debug|Any CPU
		{5B4054A6-C7F5-455A-95CC-40FEA898DAFE}.Debug|Any CPU.Build.0 = Debug|Any CPU
		{5B4054A6-C7F5-455A-95CC-40FEA898DAFE}.Release|Any CPU.ActiveCfg = Release|Any CPU
		{5B4054A6-C7F5-455A-95CC-40FEA898DAFE}.Release|Any CPU.Build.0 = Release|Any CPU
		{F8B32A84-3BD2-41D2-9A35-DD998836A307}.Debug|Any CPU.ActiveCfg = Debug|Any CPU
		{F8B32A84-3BD2-41D2-9A35-DD998836A307}.Debug|Any CPU.Build.0 = Debug|Any CPU
		{F8B32A84-3BD2-41D2-9A35-DD998836A307}.Release|Any CPU.ActiveCfg = Release|Any CPU
		{F8B32A84-3BD2-41D2-9A35-DD998836A307}.Release|Any CPU.Build.0 = Release|Any CPU
		{291337AD-14B4-49B9-A8C2-7A8CD5611C52}.Debug|Any CPU.ActiveCfg = Debug|Any CPU
		{291337AD-14B4-49B9-A8C2-7A8CD5611C52}.Debug|Any CPU.Build.0 = Debug|Any CPU
		{291337AD-14B4-49B9-A8C2-7A8CD5611C52}.Release|Any CPU.ActiveCfg = Release|Any CPU
		{291337AD-14B4-49B9-A8C2-7A8CD5611C52}.Release|Any CPU.Build.0 = Release|Any CPU
		{F65FCEA4-5262-4416-88FC-8035A3D9AEF4}.Debug|Any CPU.ActiveCfg = Debug|Any CPU
		{F65FCEA4-5262-4416-88FC-8035A3D9AEF4}.Debug|Any CPU.Build.0 = Debug|Any CPU
		{F65FCEA4-5262-4416-88FC-8035A3D9AEF4}.Release|Any CPU.ActiveCfg = Release|Any CPU
		{F65FCEA4-5262-4416-88FC-8035A3D9AEF4}.Release|Any CPU.Build.0 = Release|Any CPU
		{900D3D4E-9102-4959-89CF-653AC4AF1AEE}.Debug|Any CPU.ActiveCfg = Debug|Any CPU
		{900D3D4E-9102-4959-89CF-653AC4AF1AEE}.Debug|Any CPU.Build.0 = Debug|Any CPU
		{900D3D4E-9102-4959-89CF-653AC4AF1AEE}.Release|Any CPU.ActiveCfg = Release|Any CPU
		{900D3D4E-9102-4959-89CF-653AC4AF1AEE}.Release|Any CPU.Build.0 = Release|Any CPU
	EndGlobalSection
	GlobalSection(SolutionProperties) = preSolution
		HideSolutionNode = FALSE
	EndGlobalSection
	GlobalSection(NestedProjects) = preSolution
		{FB7FF127-EEEA-4108-97DC-EDB2595AC33B} = {E4C2CCC2-C337-475D-BBB0-E4FEA3AC3F96}
		{CC030CE6-1298-49DC-A3ED-A1E06F4517F1} = {FB7FF127-EEEA-4108-97DC-EDB2595AC33B}
		{9DE58BE8-AD0E-4A9C-94F4-B287E4BC22E2} = {E4C2CCC2-C337-475D-BBB0-E4FEA3AC3F96}
		{09156C9A-5828-4223-959E-EC84CCA4D5A8} = {9DE58BE8-AD0E-4A9C-94F4-B287E4BC22E2}
		{C83AA739-F6D5-4971-B53C-132614F6A6B9} = {E4C2CCC2-C337-475D-BBB0-E4FEA3AC3F96}
		{3BAFDBBC-0F03-4A35-BBEC-4772C1F158A6} = {C83AA739-F6D5-4971-B53C-132614F6A6B9}
		{CCB9B199-1312-43D9-8759-D1AD3FA5F5DA} = {C83AA739-F6D5-4971-B53C-132614F6A6B9}
		{9E7F07C9-73EC-40FB-81AF-8D0AC58E156A} = {E4C2CCC2-C337-475D-BBB0-E4FEA3AC3F96}
		{5B4054A6-C7F5-455A-95CC-40FEA898DAFE} = {9E7F07C9-73EC-40FB-81AF-8D0AC58E156A}
		{F8B32A84-3BD2-41D2-9A35-DD998836A307} = {9E7F07C9-73EC-40FB-81AF-8D0AC58E156A}
		{291337AD-14B4-49B9-A8C2-7A8CD5611C52} = {9E7F07C9-73EC-40FB-81AF-8D0AC58E156A}
		{F65FCEA4-5262-4416-88FC-8035A3D9AEF4} = {9E7F07C9-73EC-40FB-81AF-8D0AC58E156A}
		{900D3D4E-9102-4959-89CF-653AC4AF1AEE} = {50F25D47-89C6-4CEC-A832-B342E6AA6438}
	EndGlobalSection
	GlobalSection(ExtensibilityGlobals) = postSolution
		SolutionGuid = {3D07FC1F-EB03-4A27-88AF-E2069954C5D1}
	EndGlobalSection
EndGlobal
